Microsoft Visual Studio Solution File, Format Version 11.00
# Visual Studio 2008

Project("{7E1651B0-F33A-1566-B9B3-A47C4EA0D1AF}") = "UnitySurvival3.1", "Assembly-CSharp-vs.csproj", "{EC2CB5A5-2E4F-7945-1D79-63DDAB7C85F0}"
EndProject
Global
	GlobalSection(SolutionConfigurationPlatforms) = preSolution
		Debug|Any CPU = Debug|Any CPU
		Release|Any CPU = Release|Any CPU
	EndGlobalSection
	GlobalSection(ProjectConfigurationPlatforms) = postSolution
		{EC2CB5A5-2E4F-7945-1D79-63DDAB7C85F0}.Debug|Any CPU.ActiveCfg = Debug|Any CPU
		{EC2CB5A5-2E4F-7945-1D79-63DDAB7C85F0}.Debug|Any CPU.Build.0 = Debug|Any CPU
		{EC2CB5A5-2E4F-7945-1D79-63DDAB7C85F0}.Release|Any CPU.ActiveCfg = Release|Any CPU
		{EC2CB5A5-2E4F-7945-1D79-63DDAB7C85F0}.Release|Any CPU.Build.0 = Release|Any CPU
	EndGlobalSection
	GlobalSection(SolutionProperties) = preSolution
		HideSolutionNode = FALSE
	EndGlobalSection
		GlobalSection(MonoDevelopProperties) = preSolution
		StartupItem = Assembly-CSharp.csproj
		Policies = $0
		$0.TextStylePolicy = $1
		$1.inheritsSet = null
		$1.scope = text/x-csharp
		$0.CSharpFormattingPolicy = $2
		$2.inheritsSet = Mono
		$2.inheritsScope = text/x-csharp
		$2.scope = text/x-csharp
		$0.TextStylePolicy = $3
		$3.FileWidth = 120
		$3.TabWidth = 4
		$3.IndentWidth = 4
		$3.EolMarker = Unix
		$3.inheritsSet = Mono
		$3.inheritsScope = text/plain
		$3.scope = text/plain
	EndGlobalSection

EndGlobal
