Microsoft Visual Studio Solution File, Format Version 11.00
# Visual Studio 2008

Project("{982193BD-5C64-74E0-8A91-89654B7E5A38}") = "UnitySurvival3.4", "Assembly-CSharp.csproj", "{82969D7B-63DA-3B53-FD07-7014E36A966F}"
EndProject
Project("{982193BD-5C64-74E0-8A91-89654B7E5A38}") = "UnitySurvival3.4", "Assembly-UnityScript.unityproj", "{643F8201-F933-00C6-3A05-1F708EF9F39D}"
EndProject
Global
	GlobalSection(SolutionConfigurationPlatforms) = preSolution
		Debug|Any CPU = Debug|Any CPU
		Release|Any CPU = Release|Any CPU
	EndGlobalSection
	GlobalSection(ProjectConfigurationPlatforms) = postSolution
		{82969D7B-63DA-3B53-FD07-7014E36A966F}.Debug|Any CPU.ActiveCfg = Debug|Any CPU
		{82969D7B-63DA-3B53-FD07-7014E36A966F}.Debug|Any CPU.Build.0 = Debug|Any CPU
		{82969D7B-63DA-3B53-FD07-7014E36A966F}.Release|Any CPU.ActiveCfg = Release|Any CPU
		{82969D7B-63DA-3B53-FD07-7014E36A966F}.Release|Any CPU.Build.0 = Release|Any CPU
		{643F8201-F933-00C6-3A05-1F708EF9F39D}.Debug|Any CPU.ActiveCfg = Debug|Any CPU
		{643F8201-F933-00C6-3A05-1F708EF9F39D}.Debug|Any CPU.Build.0 = Debug|Any CPU
		{643F8201-F933-00C6-3A05-1F708EF9F39D}.Release|Any CPU.ActiveCfg = Release|Any CPU
		{643F8201-F933-00C6-3A05-1F708EF9F39D}.Release|Any CPU.Build.0 = Release|Any CPU
	EndGlobalSection
	GlobalSection(SolutionProperties) = preSolution
		HideSolutionNode = FALSE
	EndGlobalSection
				GlobalSection(MonoDevelopProperties) = preSolution
		StartupItem = Assembly-CSharp.csproj
		Policies = $0
		$0.TextStylePolicy = $1
		$1.inheritsSet = null
		$1.scope = text/x-csharp
		$0.CSharpFormattingPolicy = $2
		$2.inheritsSet = Mono
		$2.inheritsScope = text/x-csharp
		$2.scope = text/x-csharp
		$0.TextStylePolicy = $3
		$3.FileWidth = 120
		$3.TabWidth = 4
		$3.IndentWidth = 4
		$3.EolMarker = Unix
		$3.inheritsSet = Mono
		$3.inheritsScope = text/plain
		$3.scope = text/plain
	EndGlobalSection

EndGlobal
